
Microsoft Visual Studio Solution File, Format Version 12.00
# Visual Studio 14
VisualStudioVersion = 14.0.25420.1
MinimumVisualStudioVersion = 10.0.40219.1
Project("{FAE04EC0-301F-11D3-BF4B-00C04F79EFBC}") = "CS.Common", "CS.Common\CS.Common.csproj", "{A9D2BC7F-C16F-4FFA-AAC0-408E879570F5}"
EndProject
Project("{FAE04EC0-301F-11D3-BF4B-00C04F79EFBC}") = "CS.BLL", "CS.BLL\CS.BLL.csproj", "{AE45DF20-7F90-48F6-A22C-A3F136CA068A}"
EndProject
Project("{FAE04EC0-301F-11D3-BF4B-00C04F79EFBC}") = "CS.WebUI", "CS.WebUI\CS.WebUI.csproj", "{F4C482C0-FF41-44C1-BEEB-AB8D4DAB7C23}"
EndProject
Global
	GlobalSection(SolutionConfigurationPlatforms) = preSolution
		Debug|Any CPU = Debug|Any CPU
		Release|Any CPU = Release|Any CPU
	EndGlobalSection
	GlobalSection(ProjectConfigurationPlatforms) = postSolution
		{A9D2BC7F-C16F-4FFA-AAC0-408E879570F5}.Debug|Any CPU.ActiveCfg = Debug|Any CPU
		{A9D2BC7F-C16F-4FFA-AAC0-408E879570F5}.Debug|Any CPU.Build.0 = Debug|Any CPU
		{A9D2BC7F-C16F-4FFA-AAC0-408E879570F5}.Release|Any CPU.ActiveCfg = Release|Any CPU
		{A9D2BC7F-C16F-4FFA-AAC0-408E879570F5}.Release|Any CPU.Build.0 = Release|Any CPU
		{AE45DF20-7F90-48F6-A22C-A3F136CA068A}.Debug|Any CPU.ActiveCfg = Debug|Any CPU
		{AE45DF20-7F90-48F6-A22C-A3F136CA068A}.Debug|Any CPU.Build.0 = Debug|Any CPU
		{AE45DF20-7F90-48F6-A22C-A3F136CA068A}.Release|Any CPU.ActiveCfg = Release|Any CPU
		{AE45DF20-7F90-48F6-A22C-A3F136CA068A}.Release|Any CPU.Build.0 = Release|Any CPU
		{F4C482C0-FF41-44C1-BEEB-AB8D4DAB7C23}.Debug|Any CPU.ActiveCfg = Debug|Any CPU
		{F4C482C0-FF41-44C1-BEEB-AB8D4DAB7C23}.Debug|Any CPU.Build.0 = Debug|Any CPU
		{F4C482C0-FF41-44C1-BEEB-AB8D4DAB7C23}.Release|Any CPU.ActiveCfg = Release|Any CPU
		{F4C482C0-FF41-44C1-BEEB-AB8D4DAB7C23}.Release|Any CPU.Build.0 = Release|Any CPU
	EndGlobalSection
	GlobalSection(SolutionProperties) = preSolution
		HideSolutionNode = FALSE
	EndGlobalSection
EndGlobal
